// !$*UTF8*$!
{
	archiveVersion = 1;
	classes = {
	};
	objectVersion = 55;
	objects = {

/* Begin PBXBuildFile section */
		D2CB5E5E6E383D8E0EBB2684 /* Pods_ReactotKitEx.framework in Frameworks */ = {isa = PBXBuildFile; fileRef = 655ED05762616E687C2C5C8D /* Pods_ReactotKitEx.framework */; };
		EFA1048327E5F10B008CDE3D /* AppDelegate.swift in Sources */ = {isa = PBXBuildFile; fileRef = EFA1048227E5F10B008CDE3D /* AppDelegate.swift */; };
		EFA1048527E5F10B008CDE3D /* SceneDelegate.swift in Sources */ = {isa = PBXBuildFile; fileRef = EFA1048427E5F10B008CDE3D /* SceneDelegate.swift */; };
		EFA1048727E5F10B008CDE3D /* ViewController.swift in Sources */ = {isa = PBXBuildFile; fileRef = EFA1048627E5F10B008CDE3D /* ViewController.swift */; };
		EFA1048A27E5F10B008CDE3D /* Main.storyboard in Resources */ = {isa = PBXBuildFile; fileRef = EFA1048827E5F10B008CDE3D /* Main.storyboard */; };
		EFA1048C27E5F10C008CDE3D /* Assets.xcassets in Resources */ = {isa = PBXBuildFile; fileRef = EFA1048B27E5F10C008CDE3D /* Assets.xcassets */; };
		EFA1048F27E5F10C008CDE3D /* LaunchScreen.storyboard in Resources */ = {isa = PBXBuildFile; fileRef = EFA1048D27E5F10C008CDE3D /* LaunchScreen.storyboard */; };
		EFA57CB227E5F3F300CC1198 /* MainReactor.swift in Sources */ = {isa = PBXBuildFile; fileRef = EFA57CB127E5F3F300CC1198 /* MainReactor.swift */; };
/* End PBXBuildFile section */

/* Begin PBXFileReference section */
		2452417F625DC56B5D84A8A6 /* Pods-ReactotKitEx.release.xcconfig */ = {isa = PBXFileReference; includeInIndex = 1; lastKnownFileType = text.xcconfig; name = "Pods-ReactotKitEx.release.xcconfig"; path = "Target Support Files/Pods-ReactotKitEx/Pods-ReactotKitEx.release.xcconfig"; sourceTree = "<group>"; };
		655ED05762616E687C2C5C8D /* Pods_ReactotKitEx.framework */ = {isa = PBXFileReference; explicitFileType = wrapper.framework; includeInIndex = 0; path = Pods_ReactotKitEx.framework; sourceTree = BUILT_PRODUCTS_DIR; };
		9621571FD3DF9D3D3DE9E732 /* Pods-ReactotKitEx.debug.xcconfig */ = {isa = PBXFileReference; includeInIndex = 1; lastKnownFileType = text.xcconfig; name = "Pods-ReactotKitEx.debug.xcconfig"; path = "Target Support Files/Pods-ReactotKitEx/Pods-ReactotKitEx.debug.xcconfig"; sourceTree = "<group>"; };
		EFA1047F27E5F10B008CDE3D /* ReactotKitEx.app */ = {isa = PBXFileReference; explicitFileType = wrapper.application; includeInIndex = 0; path = ReactotKitEx.app; sourceTree = BUILT_PRODUCTS_DIR; };
		EFA1048227E5F10B008CDE3D /* AppDelegate.swift */ = {isa = PBXFileReference; lastKnownFileType = sourcecode.swift; path = AppDelegate.swift; sourceTree = "<group>"; };
		EFA1048427E5F10B008CDE3D /* SceneDelegate.swift */ = {isa = PBXFileReference; lastKnownFileType = sourcecode.swift; path = SceneDelegate.swift; sourceTree = "<group>"; };
		EFA1048627E5F10B008CDE3D /* ViewController.swift */ = {isa = PBXFileReference; lastKnownFileType = sourcecode.swift; path = ViewController.swift; sourceTree = "<group>"; };
		EFA1048927E5F10B008CDE3D /* Base */ = {isa = PBXFileReference; lastKnownFileType = file.storyboard; name = Base; path = Base.lproj/Main.storyboard; sourceTree = "<group>"; };
		EFA1048B27E5F10C008CDE3D /* Assets.xcassets */ = {isa = PBXFileReference; lastKnownFileType = folder.assetcatalog; path = Assets.xcassets; sourceTree = "<group>"; };
		EFA1048E27E5F10C008CDE3D /* Base */ = {isa = PBXFileReference; lastKnownFileType = file.storyboard; name = Base; path = Base.lproj/LaunchScreen.storyboard; sourceTree = "<group>"; };
		EFA1049027E5F10C008CDE3D /* Info.plist */ = {isa = PBXFileReference; lastKnownFileType = text.plist.xml; path = Info.plist; sourceTree = "<group>"; };
		EFA57CB127E5F3F300CC1198 /* MainReactor.swift */ = {isa = PBXFileReference; lastKnownFileType = sourcecode.swift; path = MainReactor.swift; sourceTree = "<group>"; };
/* End PBXFileReference section */

/* Begin PBXFrameworksBuildPhase section */
		EFA1047C27E5F10B008CDE3D /* Frameworks */ = {
			isa = PBXFrameworksBuildPhase;
			buildActionMask = 2147483647;
			files = (
				D2CB5E5E6E383D8E0EBB2684 /* Pods_ReactotKitEx.framework in Frameworks */,
			);
			runOnlyForDeploymentPostprocessing = 0;
		};
/* End PBXFrameworksBuildPhase section */

/* Begin PBXGroup section */
		929AAD99FCAE47EAB7C934ED /* Frameworks */ = {
			isa = PBXGroup;
			children = (
				655ED05762616E687C2C5C8D /* Pods_ReactotKitEx.framework */,
			);
			name = Frameworks;
			sourceTree = "<group>";
		};
		EFA1047627E5F10B008CDE3D = {
			isa = PBXGroup;
			children = (
				EFA1048127E5F10B008CDE3D /* ReactotKitEx */,
				EFA1048027E5F10B008CDE3D /* Products */,
				F214682C6F389604D0F937AF /* Pods */,
				929AAD99FCAE47EAB7C934ED /* Frameworks */,
			);
			sourceTree = "<group>";
		};
		EFA1048027E5F10B008CDE3D /* Products */ = {
			isa = PBXGroup;
			children = (
				EFA1047F27E5F10B008CDE3D /* ReactotKitEx.app */,
			);
			name = Products;
			sourceTree = "<group>";
		};
		EFA1048127E5F10B008CDE3D /* ReactotKitEx */ = {
			isa = PBXGroup;
			children = (
				EFA1048227E5F10B008CDE3D /* AppDelegate.swift */,
				EFA1048427E5F10B008CDE3D /* SceneDelegate.swift */,
				EFA1048627E5F10B008CDE3D /* ViewController.swift */,
				EFA1048827E5F10B008CDE3D /* Main.storyboard */,
				EFA1048B27E5F10C008CDE3D /* Assets.xcassets */,
				EFA1048D27E5F10C008CDE3D /* LaunchScreen.storyboard */,
				EFA1049027E5F10C008CDE3D /* Info.plist */,
				EFA57CB127E5F3F300CC1198 /* MainReactor.swift */,
			);
			path = ReactotKitEx;
			sourceTree = "<group>";
		};
		F214682C6F389604D0F937AF /* Pods */ = {
			isa = PBXGroup;
			children = (
				9621571FD3DF9D3D3DE9E732 /* Pods-ReactotKitEx.debug.xcconfig */,
				2452417F625DC56B5D84A8A6 /* Pods-ReactotKitEx.release.xcconfig */,
			);
			path = Pods;
			sourceTree = "<group>";
		};
/* End PBXGroup section */

/* Begin PBXNativeTarget section */
		EFA1047E27E5F10B008CDE3D /* ReactotKitEx */ = {
			isa = PBXNativeTarget;
			buildConfigurationList = EFA1049327E5F10C008CDE3D /* Build configuration list for PBXNativeTarget "ReactotKitEx" */;
			buildPhases = (
				01ADC31322E1D33D3C75700E /* [CP] Check Pods Manifest.lock */,
				EFA1047B27E5F10B008CDE3D /* Sources */,
				EFA1047C27E5F10B008CDE3D /* Frameworks */,
				EFA1047D27E5F10B008CDE3D /* Resources */,
				8E42CFEF85EEEFAB8FAB1958 /* [CP] Embed Pods Frameworks */,
			);
			buildRules = (
			);
			dependencies = (
			);
			name = ReactotKitEx;
			productName = ReactotKitEx;
			productReference = EFA1047F27E5F10B008CDE3D /* ReactotKitEx.app */;
			productType = "com.apple.product-type.application";
		};
/* End PBXNativeTarget section */

/* Begin PBXProject section */
		EFA1047727E5F10B008CDE3D /* Project object */ = {
			isa = PBXProject;
			attributes = {
				BuildIndependentTargetsInParallel = 1;
				LastSwiftUpdateCheck = 1320;
				LastUpgradeCheck = 1320;
				TargetAttributes = {
					EFA1047E27E5F10B008CDE3D = {
						CreatedOnToolsVersion = 13.2.1;
					};
				};
			};
			buildConfigurationList = EFA1047A27E5F10B008CDE3D /* Build configuration list for PBXProject "ReactotKitEx" */;
			compatibilityVersion = "Xcode 13.0";
			developmentRegion = en;
			hasScannedForEncodings = 0;
			knownRegions = (
				en,
				Base,
			);
			mainGroup = EFA1047627E5F10B008CDE3D;
			productRefGroup = EFA1048027E5F10B008CDE3D /* Products */;
			projectDirPath = "";
			projectRoot = "";
			targets = (
				EFA1047E27E5F10B008CDE3D /* ReactotKitEx */,
			);
		};
/* End PBXProject section */

/* Begin PBXResourcesBuildPhase section */
		EFA1047D27E5F10B008CDE3D /* Resources */ = {
			isa = PBXResourcesBuildPhase;
			buildActionMask = 2147483647;
			files = (
				EFA1048F27E5F10C008CDE3D /* LaunchScreen.storyboard in Resources */,
				EFA1048C27E5F10C008CDE3D /* Assets.xcassets in Resources */,
				EFA1048A27E5F10B008CDE3D /* Main.storyboard in Resources */,
			);
			runOnlyForDeploymentPostprocessing = 0;
		};
/* End PBXResourcesBuildPhase section */

/* Begin PBXShellScriptBuildPhase section */
		01ADC31322E1D33D3C75700E /* [CP] Check Pods Manifest.lock */ = {
			isa = PBXShellScriptBuildPhase;
			buildActionMask = 2147483647;
			files = (
			);
			inputFileListPaths = (
			);
			inputPaths = (
				"${PODS_PODFILE_DIR_PATH}/Podfile.lock",
				"${PODS_ROOT}/Manifest.lock",
			);
			name = "[CP] Check Pods Manifest.lock";
			outputFileListPaths = (
			);
			outputPaths = (
				"$(DERIVED_FILE_DIR)/Pods-ReactotKitEx-checkManifestLockResult.txt",
			);
			runOnlyForDeploymentPostprocessing = 0;
			shellPath = /bin/sh;
			shellScript = "diff \"${PODS_PODFILE_DIR_PATH}/Podfile.lock\" \"${PODS_ROOT}/Manifest.lock\" > /dev/null\nif [ $? != 0 ] ; then\n    # print error to STDERR\n    echo \"error: The sandbox is not in sync with the Podfile.lock. Run 'pod install' or update your CocoaPods installation.\" >&2\n    exit 1\nfi\n# This output is used by Xcode 'outputs' to avoid re-running this script phase.\necho \"SUCCESS\" > \"${SCRIPT_OUTPUT_FILE_0}\"\n";
			showEnvVarsInLog = 0;
		};
		8E42CFEF85EEEFAB8FAB1958 /* [CP] Embed Pods Frameworks */ = {
			isa = PBXShellScriptBuildPhase;
			buildActionMask = 2147483647;
			files = (
			);
			inputFileListPaths = (
				"${PODS_ROOT}/Target Support Files/Pods-ReactotKitEx/Pods-ReactotKitEx-frameworks-${CONFIGURATION}-input-files.xcfilelist",
			);
			name = "[CP] Embed Pods Frameworks";
			outputFileListPaths = (
				"${PODS_ROOT}/Target Support Files/Pods-ReactotKitEx/Pods-ReactotKitEx-frameworks-${CONFIGURATION}-output-files.xcfilelist",
			);
			runOnlyForDeploymentPostprocessing = 0;
			shellPath = /bin/sh;
			shellScript = "\"${PODS_ROOT}/Target Support Files/Pods-ReactotKitEx/Pods-ReactotKitEx-frameworks.sh\"\n";
			showEnvVarsInLog = 0;
		};
/* End PBXShellScriptBuildPhase section */

/* Begin PBXSourcesBuildPhase section */
		EFA1047B27E5F10B008CDE3D /* Sources */ = {
			isa = PBXSourcesBuildPhase;
			buildActionMask = 2147483647;
			files = (
				EFA1048727E5F10B008CDE3D /* ViewController.swift in Sources */,
				EFA57CB227E5F3F300CC1198 /* MainReactor.swift in Sources */,
				EFA1048327E5F10B008CDE3D /* AppDelegate.swift in Sources */,
				EFA1048527E5F10B008CDE3D /* SceneDelegate.swift in Sources */,
			);
			runOnlyForDeploymentPostprocessing = 0;
		};
/* End PBXSourcesBuildPhase section */

/* Begin PBXVariantGroup section */
		EFA1048827E5F10B008CDE3D /* Main.storyboard */ = {
			isa = PBXVariantGroup;
			children = (
				EFA1048927E5F10B008CDE3D /* Base */,
			);
			name = Main.storyboard;
			sourceTree = "<group>";
		};
		EFA1048D27E5F10C008CDE3D /* LaunchScreen.storyboard */ = {
			isa = PBXVariantGroup;
			children = (
				EFA1048E27E5F10C008CDE3D /* Base */,
			);
			name = LaunchScreen.storyboard;
			sourceTree = "<group>";
		};
/* End PBXVariantGroup section */

/* Begin XCBuildConfiguration section */
		EFA1049127E5F10C008CDE3D /* Debug */ = {
			isa = XCBuildConfiguration;
			buildSettings = {
				ALWAYS_SEARCH_USER_PATHS = NO;
				CLANG_ANALYZER_NONNULL = YES;
				CLANG_ANALYZER_NUMBER_OBJECT_CONVERSION = YES_AGGRESSIVE;
				CLANG_CXX_LANGUAGE_STANDARD = "gnu++17";
				CLANG_CXX_LIBRARY = "libc++";
				CLANG_ENABLE_MODULES = YES;
				CLANG_ENABLE_OBJC_ARC = YES;
				CLANG_ENABLE_OBJC_WEAK = YES;
				CLANG_WARN_BLOCK_CAPTURE_AUTORELEASING = YES;
				CLANG_WARN_BOOL_CONVERSION = YES;
				CLANG_WARN_COMMA = YES;
				CLANG_WARN_CONSTANT_CONVERSION = YES;
				CLANG_WARN_DEPRECATED_OBJC_IMPLEMENTATIONS = YES;
				CLANG_WARN_DIRECT_OBJC_ISA_USAGE = YES_ERROR;
				CLANG_WARN_DOCUMENTATION_COMMENTS = YES;
				CLANG_WARN_EMPTY_BODY = YES;
				CLANG_WARN_ENUM_CONVERSION = YES;
				CLANG_WARN_INFINITE_RECURSION = YES;
				CLANG_WARN_INT_CONVERSION = YES;
				CLANG_WARN_NON_LITERAL_NULL_CONVERSION = YES;
				CLANG_WARN_OBJC_IMPLICIT_RETAIN_SELF = YES;
				CLANG_WARN_OBJC_LITERAL_CONVERSION = YES;
				CLANG_WARN_OBJC_ROOT_CLASS = YES_ERROR;
				CLANG_WARN_QUOTED_INCLUDE_IN_FRAMEWORK_HEADER = YES;
				CLANG_WARN_RANGE_LOOP_ANALYSIS = YES;
				CLANG_WARN_STRICT_PROTOTYPES = YES;
				CLANG_WARN_SUSPICIOUS_MOVE = YES;
				CLANG_WARN_UNGUARDED_AVAILABILITY = YES_AGGRESSIVE;
				CLANG_WARN_UNREACHABLE_CODE = YES;
				CLANG_WARN__DUPLICATE_METHOD_MATCH = YES;
				COPY_PHASE_STRIP = NO;
				DEBUG_INFORMATION_FORMAT = dwarf;
				ENABLE_STRICT_OBJC_MSGSEND = YES;
				ENABLE_TESTABILITY = YES;
				GCC_C_LANGUAGE_STANDARD = gnu11;
				GCC_DYNAMIC_NO_PIC = NO;
				GCC_NO_COMMON_BLOCKS = YES;
				GCC_OPTIMIZATION_LEVEL = 0;
				GCC_PREPROCESSOR_DEFINITIONS = (
					"DEBUG=1",
					"$(inherited)",
				);
				GCC_WARN_64_TO_32_BIT_CONVERSION = YES;
				GCC_WARN_ABOUT_RETURN_TYPE = YES_ERROR;
				GCC_WARN_UNDECLARED_SELECTOR = YES;
				GCC_WARN_UNINITIALIZED_AUTOS = YES_AGGRESSIVE;
				GCC_WARN_UNUSED_FUNCTION = YES;
				GCC_WARN_UNUSED_VARIABLE = YES;
				IPHONEOS_DEPLOYMENT_TARGET = 15.2;
				MTL_ENABLE_DEBUG_INFO = INCLUDE_SOURCE;
				MTL_FAST_MATH = YES;
				ONLY_ACTIVE_ARCH = YES;
				SDKROOT = iphoneos;
				SWIFT_ACTIVE_COMPILATION_CONDITIONS = DEBUG;
				SWIFT_OPTIMIZATION_LEVEL = "-Onone";
			};
			name = Debug;
		};
		EFA1049227E5F10C008CDE3D /* Release */ = {
			isa = XCBuildConfiguration;
			buildSettings = {
				ALWAYS_SEARCH_USER_PATHS = NO;
				CLANG_ANALYZER_NONNULL = YES;
				CLANG_ANALYZER_NUMBER_OBJECT_CONVERSION = YES_AGGRESSIVE;
				CLANG_CXX_LANGUAGE_STANDARD = "gnu++17";
				CLANG_CXX_LIBRARY = "libc++";
				CLANG_ENABLE_MODULES = YES;
				CLANG_ENABLE_OBJC_ARC = YES;
				CLANG_ENABLE_OBJC_WEAK = YES;
				CLANG_WARN_BLOCK_CAPTURE_AUTORELEASING = YES;
				CLANG_WARN_BOOL_CONVERSION = YES;
				CLANG_WARN_COMMA = YES;
				CLANG_WARN_CONSTANT_CONVERSION = YES;
				CLANG_WARN_DEPRECATED_OBJC_IMPLEMENTATIONS = YES;
				CLANG_WARN_DIRECT_OBJC_ISA_USAGE = YES_ERROR;
				CLANG_WARN_DOCUMENTATION_COMMENTS = YES;
				CLANG_WARN_EMPTY_BODY = YES;
				CLANG_WARN_ENUM_CONVERSION = YES;
				CLANG_WARN_INFINITE_RECURSION = YES;
				CLANG_WARN_INT_CONVERSION = YES;
				CLANG_WARN_NON_LITERAL_NULL_CONVERSION = YES;
				CLANG_WARN_OBJC_IMPLICIT_RETAIN_SELF = YES;
				CLANG_WARN_OBJC_LITERAL_CONVERSION = YES;
				CLANG_WARN_OBJC_ROOT_CLASS = YES_ERROR;
				CLANG_WARN_QUOTED_INCLUDE_IN_FRAMEWORK_HEADER = YES;
				CLANG_WARN_RANGE_LOOP_ANALYSIS = YES;
				CLANG_WARN_STRICT_PROTOTYPES = YES;
				CLANG_WARN_SUSPICIOUS_MOVE = YES;
				CLANG_WARN_UNGUARDED_AVAILABILITY = YES_AGGRESSIVE;
				CLANG_WARN_UNREACHABLE_CODE = YES;
				CLANG_WARN__DUPLICATE_METHOD_MATCH = YES;
				COPY_PHASE_STRIP = NO;
				DEBUG_INFORMATION_FORMAT = "dwarf-with-dsym";
				ENABLE_NS_ASSERTIONS = NO;
				ENABLE_STRICT_OBJC_MSGSEND = YES;
				GCC_C_LANGUAGE_STANDARD = gnu11;
				GCC_NO_COMMON_BLOCKS = YES;
				GCC_WARN_64_TO_32_BIT_CONVERSION = YES;
				GCC_WARN_ABOUT_RETURN_TYPE = YES_ERROR;
				GCC_WARN_UNDECLARED_SELECTOR = YES;
				GCC_WARN_UNINITIALIZED_AUTOS = YES_AGGRESSIVE;
				GCC_WARN_UNUSED_FUNCTION = YES;
				GCC_WARN_UNUSED_VARIABLE = YES;
				IPHONEOS_DEPLOYMENT_TARGET = 15.2;
				MTL_ENABLE_DEBUG_INFO = NO;
				MTL_FAST_MATH = YES;
				SDKROOT = iphoneos;
				SWIFT_COMPILATION_MODE = wholemodule;
				SWIFT_OPTIMIZATION_LEVEL = "-O";
				VALIDATE_PRODUCT = YES;
			};
			name = Release;
		};
		EFA1049427E5F10C008CDE3D /* Debug */ = {
			isa = XCBuildConfiguration;
			baseConfigurationReference = 9621571FD3DF9D3D3DE9E732 /* Pods-ReactotKitEx.debug.xcconfig */;
			buildSettings = {
				ASSETCATALOG_COMPILER_APPICON_NAME = AppIcon;
				ASSETCATALOG_COMPILER_GLOBAL_ACCENT_COLOR_NAME = AccentColor;
				CODE_SIGN_STYLE = Automatic;
				CURRENT_PROJECT_VERSION = 1;
				DEVELOPMENT_TEAM = MA35V5PR3U;
				GENERATE_INFOPLIST_FILE = YES;
				INFOPLIST_FILE = ReactotKitEx/Info.plist;
				INFOPLIST_KEY_UIApplicationSupportsIndirectInputEvents = YES;
				INFOPLIST_KEY_UILaunchStoryboardName = LaunchScreen;
				INFOPLIST_KEY_UIMainStoryboardFile = Main;
				INFOPLIST_KEY_UISupportedInterfaceOrientations_iPad = "UIInterfaceOrientationPortrait UIInterfaceOrientationPortraitUpsideDown UIInterfaceOrientationLandscapeLeft UIInterfaceOrientationLandscapeRight";
				INFOPLIST_KEY_UISupportedInterfaceOrientations_iPhone = "UIInterfaceOrientationPortrait UIInterfaceOrientationLandscapeLeft UIInterfaceOrientationLandscapeRight";
				LD_RUNPATH_SEARCH_PATHS = (
					"$(inherited)",
					"@executable_path/Frameworks",
				);
				MARKETING_VERSION = 1.0;
				PRODUCT_BUNDLE_IDENTIFIER = rlatkddms.ReactotKitEx;
				PRODUCT_NAME = "$(TARGET_NAME)";
				SWIFT_EMIT_LOC_STRINGS = YES;
				SWIFT_VERSION = 5.0;
				TARGETED_DEVICE_FAMILY = "1,2";
			};
			name = Debug;
		};
		EFA1049527E5F10C008CDE3D /* Release */ = {
			isa = XCBuildConfiguration;
			baseConfigurationReference = 2452417F625DC56B5D84A8A6 /* Pods-ReactotKitEx.release.xcconfig */;
			buildSettings = {
				ASSETCATALOG_COMPILER_APPICON_NAME = AppIcon;
				ASSETCATALOG_COMPILER_GLOBAL_ACCENT_COLOR_NAME = AccentColor;
				CODE_SIGN_STYLE = Automatic;
				CURRENT_PROJECT_VERSION = 1;
				DEVELOPMENT_TEAM = MA35V5PR3U;
				GENERATE_INFOPLIST_FILE = YES;
				INFOPLIST_FILE = ReactotKitEx/Info.plist;
				INFOPLIST_KEY_UIApplicationSupportsIndirectInputEvents = YES;
				INFOPLIST_KEY_UILaunchStoryboardName = LaunchScreen;
				INFOPLIST_KEY_UIMainStoryboardFile = Main;
				INFOPLIST_KEY_UISupportedInterfaceOrientations_iPad = "UIInterfaceOrientationPortrait UIInterfaceOrientationPortraitUpsideDown UIInterfaceOrientationLandscapeLeft UIInterfaceOrientationLandscapeRight";
				INFOPLIST_KEY_UISupportedInterfaceOrientations_iPhone = "UIInterfaceOrientationPortrait UIInterfaceOrientationLandscapeLeft UIInterfaceOrientationLandscapeRight";
				LD_RUNPATH_SEARCH_PATHS = (
					"$(inherited)",
					"@executable_path/Frameworks",
				);
				MARKETING_VERSION = 1.0;
				PRODUCT_BUNDLE_IDENTIFIER = rlatkddms.ReactotKitEx;
				PRODUCT_NAME = "$(TARGET_NAME)";
				SWIFT_EMIT_LOC_STRINGS = YES;
				SWIFT_VERSION = 5.0;
				TARGETED_DEVICE_FAMILY = "1,2";
			};
			name = Release;
		};
/* End XCBuildConfiguration section */

/* Begin XCConfigurationList section */
		EFA1047A27E5F10B008CDE3D /* Build configuration list for PBXProject "ReactotKitEx" */ = {
			isa = XCConfigurationList;
			buildConfigurations = (
				EFA1049127E5F10C008CDE3D /* Debug */,
				EFA1049227E5F10C008CDE3D /* Release */,
			);
			defaultConfigurationIsVisible = 0;
			defaultConfigurationName = Release;
		};
		EFA1049327E5F10C008CDE3D /* Build configuration list for PBXNativeTarget "ReactotKitEx" */ = {
			isa = XCConfigurationList;
			buildConfigurations = (
				EFA1049427E5F10C008CDE3D /* Debug */,
				EFA1049527E5F10C008CDE3D /* Release */,
			);
			defaultConfigurationIsVisible = 0;
			defaultConfigurationName = Release;
		};
/* End XCConfigurationList section */
	};
	rootObject = EFA1047727E5F10B008CDE3D /* Project object */;
}
