PODS:
  - Alamofire (5.0.5)
  - Kingfisher (5.15.8):
    - Kingfisher/Core (= 5.15.8)
  - Kingfisher/Core (5.15.8)
  - Moya/Core (15.0.0):
    - Alamofire (~> 5.0)
  - Moya/RxSwift (15.0.0):
    - Moya/Core
    - RxSwift (~> 6.0)
  - ReactorKit (3.2.0):
    - RxSwift (~> 6.0)
    - WeakMapTable (~> 1.1)
  - Realm (10.24.2):
    - Realm/Headers (= 10.24.2)
  - Realm/Headers (10.24.2)
  - RealmSwift (10.24.2):
    - Realm (= 10.24.2)
  - RxCocoa (6.5.0):
    - RxRelay (= 6.5.0)
    - RxSwift (= 6.5.0)
  - RxRelay (6.5.0):
    - RxSwift (= 6.5.0)
  - RxSwift (6.5.0)
  - Swinject (2.8.1)
  - Then (2.7.0)
  - WeakMapTable (1.2.0)

DEPENDENCIES:
  - Alamofire (~> 5.0.0-rc.2)
  - Kingfisher (~> 5.0)
  - Moya/RxSwift
  - ReactorKit
  - RealmSwift
  - RxCocoa
  - Swinject
  - Then

SPEC REPOS:
  trunk:
    - Alamofire
    - Kingfisher
    - Moya
    - ReactorKit
    - Realm
    - RealmSwift
    - RxCocoa
    - RxRelay
    - RxSwift
    - Swinject
    - Then
    - WeakMapTable

SPEC CHECKSUMS:
  Alamofire: df2f8f826963b08b9a870791ad48e07a10090b2e
  Kingfisher: a3c03d702433fa6cfedabb2bddbe076fb8f2e902
  Moya: 138f0573e53411fb3dc17016add0b748dfbd78ee
  ReactorKit: e8b11d6b9c415405f381669b095c154a05b59eca
  Realm: c8421eee9ff92b16b4f91a313b5cc695c37c1921
  RealmSwift: 10ed6fa09c36aaaff55e12afdc71802ec3ddb1c0
  RxCocoa: 94f817b71c07517321eb4f9ad299112ca8af743b
  RxRelay: 1de1523e604c72b6c68feadedd1af3b1b4d0ecbd
  RxSwift: 5710a9e6b17f3c3d6e40d6e559b9fa1e813b2ef8
  Swinject: 97112918bd7e0785dc2df7036213f3c8cbba6586
  Then: acfe0be7e98221c6204e12f8161459606d5d822d
  WeakMapTable: 05c694ce8439a7a9ebabb56187287a63c57673d6

PODFILE CHECKSUM: cfa6220d097f4c75b022c4232e6b859a4d635acb

COCOAPODS: 1.11.2
